
Microsoft Visual Studio Solution File, Format Version 12.00
# Visual Studio Version 17
VisualStudioVersion = 17.2.32602.215
MinimumVisualStudioVersion = 10.0.40219.1
Project("{FAE04EC0-301F-11D3-BF4B-00C04F79EFBC}") = "futbol", "futbol\futbol.csproj", "{2AD5D632-936E-479D-983C-17BF26BE4D00}"
EndProject
Project("{FAE04EC0-301F-11D3-BF4B-00C04F79EFBC}") = "Servicio", "Servicio\Servicio.csproj", "{2B62BDD8-AEAF-4B65-A794-A6144A7271FE}"
EndProject
Global
	GlobalSection(SolutionConfigurationPlatforms) = preSolution
		Debug|Any CPU = Debug|Any CPU
		Release|Any CPU = Release|Any CPU
	EndGlobalSection
	GlobalSection(ProjectConfigurationPlatforms) = postSolution
		{2AD5D632-936E-479D-983C-17BF26BE4D00}.Debug|Any CPU.ActiveCfg = Debug|Any CPU
		{2AD5D632-936E-479D-983C-17BF26BE4D00}.Debug|Any CPU.Build.0 = Debug|Any CPU
		{2AD5D632-936E-479D-983C-17BF26BE4D00}.Release|Any CPU.ActiveCfg = Release|Any CPU
		{2AD5D632-936E-479D-983C-17BF26BE4D00}.Release|Any CPU.Build.0 = Release|Any CPU
		{2B62BDD8-AEAF-4B65-A794-A6144A7271FE}.Debug|Any CPU.ActiveCfg = Debug|Any CPU
		{2B62BDD8-AEAF-4B65-A794-A6144A7271FE}.Debug|Any CPU.Build.0 = Debug|Any CPU
		{2B62BDD8-AEAF-4B65-A794-A6144A7271FE}.Release|Any CPU.ActiveCfg = Release|Any CPU
		{2B62BDD8-AEAF-4B65-A794-A6144A7271FE}.Release|Any CPU.Build.0 = Release|Any CPU
	EndGlobalSection
	GlobalSection(SolutionProperties) = preSolution
		HideSolutionNode = FALSE
	EndGlobalSection
	GlobalSection(ExtensibilityGlobals) = postSolution
		SolutionGuid = {D737995C-16E6-4B1F-AD79-37AA75034C27}
	EndGlobalSection
EndGlobal
